
Microsoft Visual Studio Solution File, Format Version 12.00
# Visual Studio Version 17
VisualStudioVersion = 17.8.34511.84
MinimumVisualStudioVersion = 10.0.40219.1
Project("{9A19103F-16F7-4668-BE54-9A1E7A4F7556}") = "laujiayuan", "laujiayuan\laujiayuan.csproj", "{CC149188-704F-4BEE-80B1-1BF9094FFB71}"
EndProject
Global
	GlobalSection(SolutionConfigurationPlatforms) = preSolution
		Debug|Any CPU = Debug|Any CPU
		Release|Any CPU = Release|Any CPU
	EndGlobalSection
	GlobalSection(ProjectConfigurationPlatforms) = postSolution
		{CC149188-704F-4BEE-80B1-1BF9094FFB71}.Debug|Any CPU.ActiveCfg = Debug|Any CPU
		{CC149188-704F-4BEE-80B1-1BF9094FFB71}.Debug|Any CPU.Build.0 = Debug|Any CPU
		{CC149188-704F-4BEE-80B1-1BF9094FFB71}.Release|Any CPU.ActiveCfg = Release|Any CPU
		{CC149188-704F-4BEE-80B1-1BF9094FFB71}.Release|Any CPU.Build.0 = Release|Any CPU
	EndGlobalSection
	GlobalSection(SolutionProperties) = preSolution
		HideSolutionNode = FALSE
	EndGlobalSection
	GlobalSection(ExtensibilityGlobals) = postSolution
		SolutionGuid = {418752F7-1CA1-424B-8781-D16EC7519218}
	EndGlobalSection
EndGlobal
